// !$*UTF8*$!
{
	archiveVersion = 1;
	classes = {
	};
	objectVersion = 56;
	objects = {

/* Begin PBXBuildFile section */
		E7230E982B8EF017002FD70D /* AppDelegate.swift in Sources */ = {isa = PBXBuildFile; fileRef = E7230E972B8EF017002FD70D /* AppDelegate.swift */; };
		E7230E9A2B8EF017002FD70D /* SceneDelegate.swift in Sources */ = {isa = PBXBuildFile; fileRef = E7230E992B8EF017002FD70D /* SceneDelegate.swift */; };
		E7230E9C2B8EF017002FD70D /* ViewController.swift in Sources */ = {isa = PBXBuildFile; fileRef = E7230E9B2B8EF017002FD70D /* ViewController.swift */; };
		E7230E9F2B8EF017002FD70D /* Main.storyboard in Resources */ = {isa = PBXBuildFile; fileRef = E7230E9D2B8EF017002FD70D /* Main.storyboard */; };
		E7230EA12B8EF01A002FD70D /* Assets.xcassets in Resources */ = {isa = PBXBuildFile; fileRef = E7230EA02B8EF01A002FD70D /* Assets.xcassets */; };
		E7230EA42B8EF01A002FD70D /* LaunchScreen.storyboard in Resources */ = {isa = PBXBuildFile; fileRef = E7230EA22B8EF01A002FD70D /* LaunchScreen.storyboard */; };
		E7230EAF2B8EF01A002FD70D /* NewsAppTests.swift in Sources */ = {isa = PBXBuildFile; fileRef = E7230EAE2B8EF01A002FD70D /* NewsAppTests.swift */; };
		E7230EB92B8EF01A002FD70D /* NewsAppUITests.swift in Sources */ = {isa = PBXBuildFile; fileRef = E7230EB82B8EF01A002FD70D /* NewsAppUITests.swift */; };
		E7230EBB2B8EF01A002FD70D /* NewsAppUITestsLaunchTests.swift in Sources */ = {isa = PBXBuildFile; fileRef = E7230EBA2B8EF01A002FD70D /* NewsAppUITestsLaunchTests.swift */; };
		E7230EC82B8EF03B002FD70D /* APICaller.swift in Sources */ = {isa = PBXBuildFile; fileRef = E7230EC72B8EF03B002FD70D /* APICaller.swift */; };
		E7230ECA2B8EF053002FD70D /* NewsTableViewCell.swift in Sources */ = {isa = PBXBuildFile; fileRef = E7230EC92B8EF053002FD70D /* NewsTableViewCell.swift */; };
/* End PBXBuildFile section */

/* Begin PBXContainerItemProxy section */
		E7230EAB2B8EF01A002FD70D /* PBXContainerItemProxy */ = {
			isa = PBXContainerItemProxy;
			containerPortal = E7230E8C2B8EF017002FD70D /* Project object */;
			proxyType = 1;
			remoteGlobalIDString = E7230E932B8EF017002FD70D;
			remoteInfo = NewsApp;
		};
		E7230EB52B8EF01A002FD70D /* PBXContainerItemProxy */ = {
			isa = PBXContainerItemProxy;
			containerPortal = E7230E8C2B8EF017002FD70D /* Project object */;
			proxyType = 1;
			remoteGlobalIDString = E7230E932B8EF017002FD70D;
			remoteInfo = NewsApp;
		};
/* End PBXContainerItemProxy section */

/* Begin PBXFileReference section */
		E7230E942B8EF017002FD70D /* NewsApp.app */ = {isa = PBXFileReference; explicitFileType = wrapper.application; includeInIndex = 0; path = NewsApp.app; sourceTree = BUILT_PRODUCTS_DIR; };
		E7230E972B8EF017002FD70D /* AppDelegate.swift */ = {isa = PBXFileReference; lastKnownFileType = sourcecode.swift; path = AppDelegate.swift; sourceTree = "<group>"; };
		E7230E992B8EF017002FD70D /* SceneDelegate.swift */ = {isa = PBXFileReference; lastKnownFileType = sourcecode.swift; path = SceneDelegate.swift; sourceTree = "<group>"; };
		E7230E9B2B8EF017002FD70D /* ViewController.swift */ = {isa = PBXFileReference; lastKnownFileType = sourcecode.swift; path = ViewController.swift; sourceTree = "<group>"; };
		E7230E9E2B8EF017002FD70D /* Base */ = {isa = PBXFileReference; lastKnownFileType = file.storyboard; name = Base; path = Base.lproj/Main.storyboard; sourceTree = "<group>"; };
		E7230EA02B8EF01A002FD70D /* Assets.xcassets */ = {isa = PBXFileReference; lastKnownFileType = folder.assetcatalog; path = Assets.xcassets; sourceTree = "<group>"; };
		E7230EA32B8EF01A002FD70D /* Base */ = {isa = PBXFileReference; lastKnownFileType = file.storyboard; name = Base; path = Base.lproj/LaunchScreen.storyboard; sourceTree = "<group>"; };
		E7230EA52B8EF01A002FD70D /* Info.plist */ = {isa = PBXFileReference; lastKnownFileType = text.plist.xml; path = Info.plist; sourceTree = "<group>"; };
		E7230EAA2B8EF01A002FD70D /* NewsAppTests.xctest */ = {isa = PBXFileReference; explicitFileType = wrapper.cfbundle; includeInIndex = 0; path = NewsAppTests.xctest; sourceTree = BUILT_PRODUCTS_DIR; };
		E7230EAE2B8EF01A002FD70D /* NewsAppTests.swift */ = {isa = PBXFileReference; lastKnownFileType = sourcecode.swift; path = NewsAppTests.swift; sourceTree = "<group>"; };
		E7230EB42B8EF01A002FD70D /* NewsAppUITests.xctest */ = {isa = PBXFileReference; explicitFileType = wrapper.cfbundle; includeInIndex = 0; path = NewsAppUITests.xctest; sourceTree = BUILT_PRODUCTS_DIR; };
		E7230EB82B8EF01A002FD70D /* NewsAppUITests.swift */ = {isa = PBXFileReference; lastKnownFileType = sourcecode.swift; path = NewsAppUITests.swift; sourceTree = "<group>"; };
		E7230EBA2B8EF01A002FD70D /* NewsAppUITestsLaunchTests.swift */ = {isa = PBXFileReference; lastKnownFileType = sourcecode.swift; path = NewsAppUITestsLaunchTests.swift; sourceTree = "<group>"; };
		E7230EC72B8EF03B002FD70D /* APICaller.swift */ = {isa = PBXFileReference; lastKnownFileType = sourcecode.swift; path = APICaller.swift; sourceTree = "<group>"; };
		E7230EC92B8EF053002FD70D /* NewsTableViewCell.swift */ = {isa = PBXFileReference; lastKnownFileType = sourcecode.swift; path = NewsTableViewCell.swift; sourceTree = "<group>"; };
/* End PBXFileReference section */

/* Begin PBXFrameworksBuildPhase section */
		E7230E912B8EF017002FD70D /* Frameworks */ = {
			isa = PBXFrameworksBuildPhase;
			buildActionMask = 2147483647;
			files = (
			);
			runOnlyForDeploymentPostprocessing = 0;
		};
		E7230EA72B8EF01A002FD70D /* Frameworks */ = {
			isa = PBXFrameworksBuildPhase;
			buildActionMask = 2147483647;
			files = (
			);
			runOnlyForDeploymentPostprocessing = 0;
		};
		E7230EB12B8EF01A002FD70D /* Frameworks */ = {
			isa = PBXFrameworksBuildPhase;
			buildActionMask = 2147483647;
			files = (
			);
			runOnlyForDeploymentPostprocessing = 0;
		};
/* End PBXFrameworksBuildPhase section */

/* Begin PBXGroup section */
		E7230E8B2B8EF017002FD70D = {
			isa = PBXGroup;
			children = (
				E7230E962B8EF017002FD70D /* NewsApp */,
				E7230EAD2B8EF01A002FD70D /* NewsAppTests */,
				E7230EB72B8EF01A002FD70D /* NewsAppUITests */,
				E7230E952B8EF017002FD70D /* Products */,
			);
			sourceTree = "<group>";
		};
		E7230E952B8EF017002FD70D /* Products */ = {
			isa = PBXGroup;
			children = (
				E7230E942B8EF017002FD70D /* NewsApp.app */,
				E7230EAA2B8EF01A002FD70D /* NewsAppTests.xctest */,
				E7230EB42B8EF01A002FD70D /* NewsAppUITests.xctest */,
			);
			name = Products;
			sourceTree = "<group>";
		};
		E7230E962B8EF017002FD70D /* NewsApp */ = {
			isa = PBXGroup;
			children = (
				E7230E972B8EF017002FD70D /* AppDelegate.swift */,
				E7230E992B8EF017002FD70D /* SceneDelegate.swift */,
				E7230E9B2B8EF017002FD70D /* ViewController.swift */,
				E7230E9D2B8EF017002FD70D /* Main.storyboard */,
				E7230EA02B8EF01A002FD70D /* Assets.xcassets */,
				E7230EA22B8EF01A002FD70D /* LaunchScreen.storyboard */,
				E7230EA52B8EF01A002FD70D /* Info.plist */,
				E7230EC72B8EF03B002FD70D /* APICaller.swift */,
				E7230EC92B8EF053002FD70D /* NewsTableViewCell.swift */,
			);
			path = NewsApp;
			sourceTree = "<group>";
		};
		E7230EAD2B8EF01A002FD70D /* NewsAppTests */ = {
			isa = PBXGroup;
			children = (
				E7230EAE2B8EF01A002FD70D /* NewsAppTests.swift */,
			);
			path = NewsAppTests;
			sourceTree = "<group>";
		};
		E7230EB72B8EF01A002FD70D /* NewsAppUITests */ = {
			isa = PBXGroup;
			children = (
				E7230EB82B8EF01A002FD70D /* NewsAppUITests.swift */,
				E7230EBA2B8EF01A002FD70D /* NewsAppUITestsLaunchTests.swift */,
			);
			path = NewsAppUITests;
			sourceTree = "<group>";
		};
/* End PBXGroup section */

/* Begin PBXNativeTarget section */
		E7230E932B8EF017002FD70D /* NewsApp */ = {
			isa = PBXNativeTarget;
			buildConfigurationList = E7230EBE2B8EF01A002FD70D /* Build configuration list for PBXNativeTarget "NewsApp" */;
			buildPhases = (
				E7230E902B8EF017002FD70D /* Sources */,
				E7230E912B8EF017002FD70D /* Frameworks */,
				E7230E922B8EF017002FD70D /* Resources */,
			);
			buildRules = (
			);
			dependencies = (
			);
			name = NewsApp;
			productName = NewsApp;
			productReference = E7230E942B8EF017002FD70D /* NewsApp.app */;
			productType = "com.apple.product-type.application";
		};
		E7230EA92B8EF01A002FD70D /* NewsAppTests */ = {
			isa = PBXNativeTarget;
			buildConfigurationList = E7230EC12B8EF01A002FD70D /* Build configuration list for PBXNativeTarget "NewsAppTests" */;
			buildPhases = (
				E7230EA62B8EF01A002FD70D /* Sources */,
				E7230EA72B8EF01A002FD70D /* Frameworks */,
				E7230EA82B8EF01A002FD70D /* Resources */,
			);
			buildRules = (
			);
			dependencies = (
				E7230EAC2B8EF01A002FD70D /* PBXTargetDependency */,
			);
			name = NewsAppTests;
			productName = NewsAppTests;
			productReference = E7230EAA2B8EF01A002FD70D /* NewsAppTests.xctest */;
			productType = "com.apple.product-type.bundle.unit-test";
		};
		E7230EB32B8EF01A002FD70D /* NewsAppUITests */ = {
			isa = PBXNativeTarget;
			buildConfigurationList = E7230EC42B8EF01A002FD70D /* Build configuration list for PBXNativeTarget "NewsAppUITests" */;
			buildPhases = (
				E7230EB02B8EF01A002FD70D /* Sources */,
				E7230EB12B8EF01A002FD70D /* Frameworks */,
				E7230EB22B8EF01A002FD70D /* Resources */,
			);
			buildRules = (
			);
			dependencies = (
				E7230EB62B8EF01A002FD70D /* PBXTargetDependency */,
			);
			name = NewsAppUITests;
			productName = NewsAppUITests;
			productReference = E7230EB42B8EF01A002FD70D /* NewsAppUITests.xctest */;
			productType = "com.apple.product-type.bundle.ui-testing";
		};
/* End PBXNativeTarget section */

/* Begin PBXProject section */
		E7230E8C2B8EF017002FD70D /* Project object */ = {
			isa = PBXProject;
			attributes = {
				BuildIndependentTargetsInParallel = 1;
				LastSwiftUpdateCheck = 1520;
				LastUpgradeCheck = 1520;
				TargetAttributes = {
					E7230E932B8EF017002FD70D = {
						CreatedOnToolsVersion = 15.2;
					};
					E7230EA92B8EF01A002FD70D = {
						CreatedOnToolsVersion = 15.2;
						TestTargetID = E7230E932B8EF017002FD70D;
					};
					E7230EB32B8EF01A002FD70D = {
						CreatedOnToolsVersion = 15.2;
						TestTargetID = E7230E932B8EF017002FD70D;
					};
				};
			};
			buildConfigurationList = E7230E8F2B8EF017002FD70D /* Build configuration list for PBXProject "NewsApp" */;
			compatibilityVersion = "Xcode 14.0";
			developmentRegion = en;
			hasScannedForEncodings = 0;
			knownRegions = (
				en,
				Base,
			);
			mainGroup = E7230E8B2B8EF017002FD70D;
			productRefGroup = E7230E952B8EF017002FD70D /* Products */;
			projectDirPath = "";
			projectRoot = "";
			targets = (
				E7230E932B8EF017002FD70D /* NewsApp */,
				E7230EA92B8EF01A002FD70D /* NewsAppTests */,
				E7230EB32B8EF01A002FD70D /* NewsAppUITests */,
			);
		};
/* End PBXProject section */

/* Begin PBXResourcesBuildPhase section */
		E7230E922B8EF017002FD70D /* Resources */ = {
			isa = PBXResourcesBuildPhase;
			buildActionMask = 2147483647;
			files = (
				E7230EA42B8EF01A002FD70D /* LaunchScreen.storyboard in Resources */,
				E7230EA12B8EF01A002FD70D /* Assets.xcassets in Resources */,
				E7230E9F2B8EF017002FD70D /* Main.storyboard in Resources */,
			);
			runOnlyForDeploymentPostprocessing = 0;
		};
		E7230EA82B8EF01A002FD70D /* Resources */ = {
			isa = PBXResourcesBuildPhase;
			buildActionMask = 2147483647;
			files = (
			);
			runOnlyForDeploymentPostprocessing = 0;
		};
		E7230EB22B8EF01A002FD70D /* Resources */ = {
			isa = PBXResourcesBuildPhase;
			buildActionMask = 2147483647;
			files = (
			);
			runOnlyForDeploymentPostprocessing = 0;
		};
/* End PBXResourcesBuildPhase section */

/* Begin PBXSourcesBuildPhase section */
		E7230E902B8EF017002FD70D /* Sources */ = {
			isa = PBXSourcesBuildPhase;
			buildActionMask = 2147483647;
			files = (
				E7230E9C2B8EF017002FD70D /* ViewController.swift in Sources */,
				E7230E982B8EF017002FD70D /* AppDelegate.swift in Sources */,
				E7230ECA2B8EF053002FD70D /* NewsTableViewCell.swift in Sources */,
				E7230E9A2B8EF017002FD70D /* SceneDelegate.swift in Sources */,
				E7230EC82B8EF03B002FD70D /* APICaller.swift in Sources */,
			);
			runOnlyForDeploymentPostprocessing = 0;
		};
		E7230EA62B8EF01A002FD70D /* Sources */ = {
			isa = PBXSourcesBuildPhase;
			buildActionMask = 2147483647;
			files = (
				E7230EAF2B8EF01A002FD70D /* NewsAppTests.swift in Sources */,
			);
			runOnlyForDeploymentPostprocessing = 0;
		};
		E7230EB02B8EF01A002FD70D /* Sources */ = {
			isa = PBXSourcesBuildPhase;
			buildActionMask = 2147483647;
			files = (
				E7230EB92B8EF01A002FD70D /* NewsAppUITests.swift in Sources */,
				E7230EBB2B8EF01A002FD70D /* NewsAppUITestsLaunchTests.swift in Sources */,
			);
			runOnlyForDeploymentPostprocessing = 0;
		};
/* End PBXSourcesBuildPhase section */

/* Begin PBXTargetDependency section */
		E7230EAC2B8EF01A002FD70D /* PBXTargetDependency */ = {
			isa = PBXTargetDependency;
			target = E7230E932B8EF017002FD70D /* NewsApp */;
			targetProxy = E7230EAB2B8EF01A002FD70D /* PBXContainerItemProxy */;
		};
		E7230EB62B8EF01A002FD70D /* PBXTargetDependency */ = {
			isa = PBXTargetDependency;
			target = E7230E932B8EF017002FD70D /* NewsApp */;
			targetProxy = E7230EB52B8EF01A002FD70D /* PBXContainerItemProxy */;
		};
/* End PBXTargetDependency section */

/* Begin PBXVariantGroup section */
		E7230E9D2B8EF017002FD70D /* Main.storyboard */ = {
			isa = PBXVariantGroup;
			children = (
				E7230E9E2B8EF017002FD70D /* Base */,
			);
			name = Main.storyboard;
			sourceTree = "<group>";
		};
		E7230EA22B8EF01A002FD70D /* LaunchScreen.storyboard */ = {
			isa = PBXVariantGroup;
			children = (
				E7230EA32B8EF01A002FD70D /* Base */,
			);
			name = LaunchScreen.storyboard;
			sourceTree = "<group>";
		};
/* End PBXVariantGroup section */

/* Begin XCBuildConfiguration section */
		E7230EBC2B8EF01A002FD70D /* Debug */ = {
			isa = XCBuildConfiguration;
			buildSettings = {
				ALWAYS_SEARCH_USER_PATHS = NO;
				ASSETCATALOG_COMPILER_GENERATE_SWIFT_ASSET_SYMBOL_EXTENSIONS = YES;
				CLANG_ANALYZER_NONNULL = YES;
				CLANG_ANALYZER_NUMBER_OBJECT_CONVERSION = YES_AGGRESSIVE;
				CLANG_CXX_LANGUAGE_STANDARD = "gnu++20";
				CLANG_ENABLE_MODULES = YES;
				CLANG_ENABLE_OBJC_ARC = YES;
				CLANG_ENABLE_OBJC_WEAK = YES;
				CLANG_WARN_BLOCK_CAPTURE_AUTORELEASING = YES;
				CLANG_WARN_BOOL_CONVERSION = YES;
				CLANG_WARN_COMMA = YES;
				CLANG_WARN_CONSTANT_CONVERSION = YES;
				CLANG_WARN_DEPRECATED_OBJC_IMPLEMENTATIONS = YES;
				CLANG_WARN_DIRECT_OBJC_ISA_USAGE = YES_ERROR;
				CLANG_WARN_DOCUMENTATION_COMMENTS = YES;
				CLANG_WARN_EMPTY_BODY = YES;
				CLANG_WARN_ENUM_CONVERSION = YES;
				CLANG_WARN_INFINITE_RECURSION = YES;
				CLANG_WARN_INT_CONVERSION = YES;
				CLANG_WARN_NON_LITERAL_NULL_CONVERSION = YES;
				CLANG_WARN_OBJC_IMPLICIT_RETAIN_SELF = YES;
				CLANG_WARN_OBJC_LITERAL_CONVERSION = YES;
				CLANG_WARN_OBJC_ROOT_CLASS = YES_ERROR;
				CLANG_WARN_QUOTED_INCLUDE_IN_FRAMEWORK_HEADER = YES;
				CLANG_WARN_RANGE_LOOP_ANALYSIS = YES;
				CLANG_WARN_STRICT_PROTOTYPES = YES;
				CLANG_WARN_SUSPICIOUS_MOVE = YES;
				CLANG_WARN_UNGUARDED_AVAILABILITY = YES_AGGRESSIVE;
				CLANG_WARN_UNREACHABLE_CODE = YES;
				CLANG_WARN__DUPLICATE_METHOD_MATCH = YES;
				COPY_PHASE_STRIP = NO;
				DEBUG_INFORMATION_FORMAT = dwarf;
				ENABLE_STRICT_OBJC_MSGSEND = YES;
				ENABLE_TESTABILITY = YES;
				ENABLE_USER_SCRIPT_SANDBOXING = YES;
				GCC_C_LANGUAGE_STANDARD = gnu17;
				GCC_DYNAMIC_NO_PIC = NO;
				GCC_NO_COMMON_BLOCKS = YES;
				GCC_OPTIMIZATION_LEVEL = 0;
				GCC_PREPROCESSOR_DEFINITIONS = (
					"DEBUG=1",
					"$(inherited)",
				);
				GCC_WARN_64_TO_32_BIT_CONVERSION = YES;
				GCC_WARN_ABOUT_RETURN_TYPE = YES_ERROR;
				GCC_WARN_UNDECLARED_SELECTOR = YES;
				GCC_WARN_UNINITIALIZED_AUTOS = YES_AGGRESSIVE;
				GCC_WARN_UNUSED_FUNCTION = YES;
				GCC_WARN_UNUSED_VARIABLE = YES;
				IPHONEOS_DEPLOYMENT_TARGET = 17.2;
				LOCALIZATION_PREFERS_STRING_CATALOGS = YES;
				MTL_ENABLE_DEBUG_INFO = INCLUDE_SOURCE;
				MTL_FAST_MATH = YES;
				ONLY_ACTIVE_ARCH = YES;
				SDKROOT = iphoneos;
				SWIFT_ACTIVE_COMPILATION_CONDITIONS = "DEBUG $(inherited)";
				SWIFT_OPTIMIZATION_LEVEL = "-Onone";
			};
			name = Debug;
		};
		E7230EBD2B8EF01A002FD70D /* Release */ = {
			isa = XCBuildConfiguration;
			buildSettings = {
				ALWAYS_SEARCH_USER_PATHS = NO;
				ASSETCATALOG_COMPILER_GENERATE_SWIFT_ASSET_SYMBOL_EXTENSIONS = YES;
				CLANG_ANALYZER_NONNULL = YES;
				CLANG_ANALYZER_NUMBER_OBJECT_CONVERSION = YES_AGGRESSIVE;
				CLANG_CXX_LANGUAGE_STANDARD = "gnu++20";
				CLANG_ENABLE_MODULES = YES;
				CLANG_ENABLE_OBJC_ARC = YES;
				CLANG_ENABLE_OBJC_WEAK = YES;
				CLANG_WARN_BLOCK_CAPTURE_AUTORELEASING = YES;
				CLANG_WARN_BOOL_CONVERSION = YES;
				CLANG_WARN_COMMA = YES;
				CLANG_WARN_CONSTANT_CONVERSION = YES;
				CLANG_WARN_DEPRECATED_OBJC_IMPLEMENTATIONS = YES;
				CLANG_WARN_DIRECT_OBJC_ISA_USAGE = YES_ERROR;
				CLANG_WARN_DOCUMENTATION_COMMENTS = YES;
				CLANG_WARN_EMPTY_BODY = YES;
				CLANG_WARN_ENUM_CONVERSION = YES;
				CLANG_WARN_INFINITE_RECURSION = YES;
				CLANG_WARN_INT_CONVERSION = YES;
				CLANG_WARN_NON_LITERAL_NULL_CONVERSION = YES;
				CLANG_WARN_OBJC_IMPLICIT_RETAIN_SELF = YES;
				CLANG_WARN_OBJC_LITERAL_CONVERSION = YES;
				CLANG_WARN_OBJC_ROOT_CLASS = YES_ERROR;
				CLANG_WARN_QUOTED_INCLUDE_IN_FRAMEWORK_HEADER = YES;
				CLANG_WARN_RANGE_LOOP_ANALYSIS = YES;
				CLANG_WARN_STRICT_PROTOTYPES = YES;
				CLANG_WARN_SUSPICIOUS_MOVE = YES;
				CLANG_WARN_UNGUARDED_AVAILABILITY = YES_AGGRESSIVE;
				CLANG_WARN_UNREACHABLE_CODE = YES;
				CLANG_WARN__DUPLICATE_METHOD_MATCH = YES;
				COPY_PHASE_STRIP = NO;
				DEBUG_INFORMATION_FORMAT = "dwarf-with-dsym";
				ENABLE_NS_ASSERTIONS = NO;
				ENABLE_STRICT_OBJC_MSGSEND = YES;
				ENABLE_USER_SCRIPT_SANDBOXING = YES;
				GCC_C_LANGUAGE_STANDARD = gnu17;
				GCC_NO_COMMON_BLOCKS = YES;
				GCC_WARN_64_TO_32_BIT_CONVERSION = YES;
				GCC_WARN_ABOUT_RETURN_TYPE = YES_ERROR;
				GCC_WARN_UNDECLARED_SELECTOR = YES;
				GCC_WARN_UNINITIALIZED_AUTOS = YES_AGGRESSIVE;
				GCC_WARN_UNUSED_FUNCTION = YES;
				GCC_WARN_UNUSED_VARIABLE = YES;
				IPHONEOS_DEPLOYMENT_TARGET = 17.2;
				LOCALIZATION_PREFERS_STRING_CATALOGS = YES;
				MTL_ENABLE_DEBUG_INFO = NO;
				MTL_FAST_MATH = YES;
				SDKROOT = iphoneos;
				SWIFT_COMPILATION_MODE = wholemodule;
				VALIDATE_PRODUCT = YES;
			};
			name = Release;
		};
		E7230EBF2B8EF01A002FD70D /* Debug */ = {
			isa = XCBuildConfiguration;
			buildSettings = {
				ASSETCATALOG_COMPILER_APPICON_NAME = AppIcon;
				ASSETCATALOG_COMPILER_GLOBAL_ACCENT_COLOR_NAME = AccentColor;
				CODE_SIGN_STYLE = Automatic;
				CURRENT_PROJECT_VERSION = 1;
				DEVELOPMENT_TEAM = 77RJK7V837;
				GENERATE_INFOPLIST_FILE = YES;
				INFOPLIST_FILE = NewsApp/Info.plist;
				INFOPLIST_KEY_UIApplicationSupportsIndirectInputEvents = YES;
				INFOPLIST_KEY_UILaunchStoryboardName = LaunchScreen;
				INFOPLIST_KEY_UIMainStoryboardFile = Main;
				INFOPLIST_KEY_UISupportedInterfaceOrientations_iPad = "UIInterfaceOrientationPortrait UIInterfaceOrientationPortraitUpsideDown UIInterfaceOrientationLandscapeLeft UIInterfaceOrientationLandscapeRight";
				INFOPLIST_KEY_UISupportedInterfaceOrientations_iPhone = "UIInterfaceOrientationPortrait UIInterfaceOrientationLandscapeLeft UIInterfaceOrientationLandscapeRight";
				LD_RUNPATH_SEARCH_PATHS = (
					"$(inherited)",
					"@executable_path/Frameworks",
				);
				MARKETING_VERSION = 1.0;
				PRODUCT_BUNDLE_IDENTIFIER = com.example.NewsApp;
				PRODUCT_NAME = "$(TARGET_NAME)";
				SWIFT_EMIT_LOC_STRINGS = YES;
				SWIFT_VERSION = 5.0;
				TARGETED_DEVICE_FAMILY = "1,2";
			};
			name = Debug;
		};
		E7230EC02B8EF01A002FD70D /* Release */ = {
			isa = XCBuildConfiguration;
			buildSettings = {
				ASSETCATALOG_COMPILER_APPICON_NAME = AppIcon;
				ASSETCATALOG_COMPILER_GLOBAL_ACCENT_COLOR_NAME = AccentColor;
				CODE_SIGN_STYLE = Automatic;
				CURRENT_PROJECT_VERSION = 1;
				DEVELOPMENT_TEAM = 77RJK7V837;
				GENERATE_INFOPLIST_FILE = YES;
				INFOPLIST_FILE = NewsApp/Info.plist;
				INFOPLIST_KEY_UIApplicationSupportsIndirectInputEvents = YES;
				INFOPLIST_KEY_UILaunchStoryboardName = LaunchScreen;
				INFOPLIST_KEY_UIMainStoryboardFile = Main;
				INFOPLIST_KEY_UISupportedInterfaceOrientations_iPad = "UIInterfaceOrientationPortrait UIInterfaceOrientationPortraitUpsideDown UIInterfaceOrientationLandscapeLeft UIInterfaceOrientationLandscapeRight";
				INFOPLIST_KEY_UISupportedInterfaceOrientations_iPhone = "UIInterfaceOrientationPortrait UIInterfaceOrientationLandscapeLeft UIInterfaceOrientationLandscapeRight";
				LD_RUNPATH_SEARCH_PATHS = (
					"$(inherited)",
					"@executable_path/Frameworks",
				);
				MARKETING_VERSION = 1.0;
				PRODUCT_BUNDLE_IDENTIFIER = com.example.NewsApp;
				PRODUCT_NAME = "$(TARGET_NAME)";
				SWIFT_EMIT_LOC_STRINGS = YES;
				SWIFT_VERSION = 5.0;
				TARGETED_DEVICE_FAMILY = "1,2";
			};
			name = Release;
		};
		E7230EC22B8EF01A002FD70D /* Debug */ = {
			isa = XCBuildConfiguration;
			buildSettings = {
				ALWAYS_EMBED_SWIFT_STANDARD_LIBRARIES = YES;
				BUNDLE_LOADER = "$(TEST_HOST)";
				CODE_SIGN_STYLE = Automatic;
				CURRENT_PROJECT_VERSION = 1;
				DEVELOPMENT_TEAM = 77RJK7V837;
				GENERATE_INFOPLIST_FILE = YES;
				IPHONEOS_DEPLOYMENT_TARGET = 17.2;
				MARKETING_VERSION = 1.0;
				PRODUCT_BUNDLE_IDENTIFIER = com.example.NewsAppTests;
				PRODUCT_NAME = "$(TARGET_NAME)";
				SWIFT_EMIT_LOC_STRINGS = NO;
				SWIFT_VERSION = 5.0;
				TARGETED_DEVICE_FAMILY = "1,2";
				TEST_HOST = "$(BUILT_PRODUCTS_DIR)/NewsApp.app/$(BUNDLE_EXECUTABLE_FOLDER_PATH)/NewsApp";
			};
			name = Debug;
		};
		E7230EC32B8EF01A002FD70D /* Release */ = {
			isa = XCBuildConfiguration;
			buildSettings = {
				ALWAYS_EMBED_SWIFT_STANDARD_LIBRARIES = YES;
				BUNDLE_LOADER = "$(TEST_HOST)";
				CODE_SIGN_STYLE = Automatic;
				CURRENT_PROJECT_VERSION = 1;
				DEVELOPMENT_TEAM = 77RJK7V837;
				GENERATE_INFOPLIST_FILE = YES;
				IPHONEOS_DEPLOYMENT_TARGET = 17.2;
				MARKETING_VERSION = 1.0;
				PRODUCT_BUNDLE_IDENTIFIER = com.example.NewsAppTests;
				PRODUCT_NAME = "$(TARGET_NAME)";
				SWIFT_EMIT_LOC_STRINGS = NO;
				SWIFT_VERSION = 5.0;
				TARGETED_DEVICE_FAMILY = "1,2";
				TEST_HOST = "$(BUILT_PRODUCTS_DIR)/NewsApp.app/$(BUNDLE_EXECUTABLE_FOLDER_PATH)/NewsApp";
			};
			name = Release;
		};
		E7230EC52B8EF01A002FD70D /* Debug */ = {
			isa = XCBuildConfiguration;
			buildSettings = {
				ALWAYS_EMBED_SWIFT_STANDARD_LIBRARIES = YES;
				CODE_SIGN_STYLE = Automatic;
				CURRENT_PROJECT_VERSION = 1;
				DEVELOPMENT_TEAM = 77RJK7V837;
				GENERATE_INFOPLIST_FILE = YES;
				MARKETING_VERSION = 1.0;
				PRODUCT_BUNDLE_IDENTIFIER = com.example.NewsAppUITests;
				PRODUCT_NAME = "$(TARGET_NAME)";
				SWIFT_EMIT_LOC_STRINGS = NO;
				SWIFT_VERSION = 5.0;
				TARGETED_DEVICE_FAMILY = "1,2";
				TEST_TARGET_NAME = NewsApp;
			};
			name = Debug;
		};
		E7230EC62B8EF01A002FD70D /* Release */ = {
			isa = XCBuildConfiguration;
			buildSettings = {
				ALWAYS_EMBED_SWIFT_STANDARD_LIBRARIES = YES;
				CODE_SIGN_STYLE = Automatic;
				CURRENT_PROJECT_VERSION = 1;
				DEVELOPMENT_TEAM = 77RJK7V837;
				GENERATE_INFOPLIST_FILE = YES;
				MARKETING_VERSION = 1.0;
				PRODUCT_BUNDLE_IDENTIFIER = com.example.NewsAppUITests;
				PRODUCT_NAME = "$(TARGET_NAME)";
				SWIFT_EMIT_LOC_STRINGS = NO;
				SWIFT_VERSION = 5.0;
				TARGETED_DEVICE_FAMILY = "1,2";
				TEST_TARGET_NAME = NewsApp;
			};
			name = Release;
		};
/* End XCBuildConfiguration section */

/* Begin XCConfigurationList section */
		E7230E8F2B8EF017002FD70D /* Build configuration list for PBXProject "NewsApp" */ = {
			isa = XCConfigurationList;
			buildConfigurations = (
				E7230EBC2B8EF01A002FD70D /* Debug */,
				E7230EBD2B8EF01A002FD70D /* Release */,
			);
			defaultConfigurationIsVisible = 0;
			defaultConfigurationName = Release;
		};
		E7230EBE2B8EF01A002FD70D /* Build configuration list for PBXNativeTarget "NewsApp" */ = {
			isa = XCConfigurationList;
			buildConfigurations = (
				E7230EBF2B8EF01A002FD70D /* Debug */,
				E7230EC02B8EF01A002FD70D /* Release */,
			);
			defaultConfigurationIsVisible = 0;
			defaultConfigurationName = Release;
		};
		E7230EC12B8EF01A002FD70D /* Build configuration list for PBXNativeTarget "NewsAppTests" */ = {
			isa = XCConfigurationList;
			buildConfigurations = (
				E7230EC22B8EF01A002FD70D /* Debug */,
				E7230EC32B8EF01A002FD70D /* Release */,
			);
			defaultConfigurationIsVisible = 0;
			defaultConfigurationName = Release;
		};
		E7230EC42B8EF01A002FD70D /* Build configuration list for PBXNativeTarget "NewsAppUITests" */ = {
			isa = XCConfigurationList;
			buildConfigurations = (
				E7230EC52B8EF01A002FD70D /* Debug */,
				E7230EC62B8EF01A002FD70D /* Release */,
			);
			defaultConfigurationIsVisible = 0;
			defaultConfigurationName = Release;
		};
/* End XCConfigurationList section */
	};
	rootObject = E7230E8C2B8EF017002FD70D /* Project object */;
}
